
Microsoft Visual Studio Solution File, Format Version 12.00
# Visual Studio Version 17
VisualStudioVersion = 17.9.34728.123
MinimumVisualStudioVersion = 10.0.40219.1
Project("{9A19103F-16F7-4668-BE54-9A1E7A4F7556}") = "SimpleChatApp.API", "SimpleChatApp.API\SimpleChatApp.API.csproj", "{BA8B616B-EF24-4B77-AF67-E4C33F1B3ED0}"
EndProject
Project("{9A19103F-16F7-4668-BE54-9A1E7A4F7556}") = "SimpleChatApp.BLL", "SimpleChatApp.BLL\SimpleChatApp.BLL.csproj", "{BE477821-02BC-490D-8BBC-161311496611}"
EndProject
Project("{9A19103F-16F7-4668-BE54-9A1E7A4F7556}") = "SimpleChatApp.DAL", "SimpleChatApp.DAL\SimpleChatApp.DAL.csproj", "{64510523-DBDD-4F72-B3FF-CDBE9F956DE5}"
EndProject
Project("{9A19103F-16F7-4668-BE54-9A1E7A4F7556}") = "SimpleChatApp.Data", "SimpleChatApp.Data\SimpleChatApp.Data.csproj", "{981F0336-E8B1-4152-BC6E-FF91E22178D3}"
EndProject
Project("{FAE04EC0-301F-11D3-BF4B-00C04F79EFBC}") = "SimpleChatApp.Tests", "SimpleChatApp.Tests\SimpleChatApp.Tests.csproj", "{7EE33B01-4852-4DC0-843B-D4EA34AB33E0}"
EndProject
Global
	GlobalSection(SolutionConfigurationPlatforms) = preSolution
		Debug|Any CPU = Debug|Any CPU
		Release|Any CPU = Release|Any CPU
	EndGlobalSection
	GlobalSection(ProjectConfigurationPlatforms) = postSolution
		{BA8B616B-EF24-4B77-AF67-E4C33F1B3ED0}.Debug|Any CPU.ActiveCfg = Debug|Any CPU
		{BA8B616B-EF24-4B77-AF67-E4C33F1B3ED0}.Debug|Any CPU.Build.0 = Debug|Any CPU
		{BA8B616B-EF24-4B77-AF67-E4C33F1B3ED0}.Release|Any CPU.ActiveCfg = Release|Any CPU
		{BA8B616B-EF24-4B77-AF67-E4C33F1B3ED0}.Release|Any CPU.Build.0 = Release|Any CPU
		{BE477821-02BC-490D-8BBC-161311496611}.Debug|Any CPU.ActiveCfg = Debug|Any CPU
		{BE477821-02BC-490D-8BBC-161311496611}.Debug|Any CPU.Build.0 = Debug|Any CPU
		{BE477821-02BC-490D-8BBC-161311496611}.Release|Any CPU.ActiveCfg = Release|Any CPU
		{BE477821-02BC-490D-8BBC-161311496611}.Release|Any CPU.Build.0 = Release|Any CPU
		{64510523-DBDD-4F72-B3FF-CDBE9F956DE5}.Debug|Any CPU.ActiveCfg = Debug|Any CPU
		{64510523-DBDD-4F72-B3FF-CDBE9F956DE5}.Debug|Any CPU.Build.0 = Debug|Any CPU
		{64510523-DBDD-4F72-B3FF-CDBE9F956DE5}.Release|Any CPU.ActiveCfg = Release|Any CPU
		{64510523-DBDD-4F72-B3FF-CDBE9F956DE5}.Release|Any CPU.Build.0 = Release|Any CPU
		{981F0336-E8B1-4152-BC6E-FF91E22178D3}.Debug|Any CPU.ActiveCfg = Debug|Any CPU
		{981F0336-E8B1-4152-BC6E-FF91E22178D3}.Debug|Any CPU.Build.0 = Debug|Any CPU
		{981F0336-E8B1-4152-BC6E-FF91E22178D3}.Release|Any CPU.ActiveCfg = Release|Any CPU
		{981F0336-E8B1-4152-BC6E-FF91E22178D3}.Release|Any CPU.Build.0 = Release|Any CPU
		{7EE33B01-4852-4DC0-843B-D4EA34AB33E0}.Debug|Any CPU.ActiveCfg = Debug|Any CPU
		{7EE33B01-4852-4DC0-843B-D4EA34AB33E0}.Debug|Any CPU.Build.0 = Debug|Any CPU
		{7EE33B01-4852-4DC0-843B-D4EA34AB33E0}.Release|Any CPU.ActiveCfg = Release|Any CPU
		{7EE33B01-4852-4DC0-843B-D4EA34AB33E0}.Release|Any CPU.Build.0 = Release|Any CPU
	EndGlobalSection
	GlobalSection(SolutionProperties) = preSolution
		HideSolutionNode = FALSE
	EndGlobalSection
	GlobalSection(ExtensibilityGlobals) = postSolution
		SolutionGuid = {D061EB91-EBF4-45BA-9DAF-2D90498DF788}
	EndGlobalSection
EndGlobal
